
Microsoft Visual Studio Solution File, Format Version 12.00
# Visual Studio 2012
Project("{FAE04EC0-301F-11D3-BF4B-00C04F79EFBC}") = "dicesRoll", "dicesRoll\dicesRoll.csproj", "{668BE4F2-7615-45D9-B2D1-0FFB6DB1DAAF}"
EndProject
Global
	GlobalSection(SolutionConfigurationPlatforms) = preSolution
		Debug|x86 = Debug|x86
		Release|x86 = Release|x86
	EndGlobalSection
	GlobalSection(ProjectConfigurationPlatforms) = postSolution
		{668BE4F2-7615-45D9-B2D1-0FFB6DB1DAAF}.Debug|x86.ActiveCfg = Debug|x86
		{668BE4F2-7615-45D9-B2D1-0FFB6DB1DAAF}.Debug|x86.Build.0 = Debug|x86
		{668BE4F2-7615-45D9-B2D1-0FFB6DB1DAAF}.Release|x86.ActiveCfg = Release|x86
		{668BE4F2-7615-45D9-B2D1-0FFB6DB1DAAF}.Release|x86.Build.0 = Release|x86
	EndGlobalSection
EndGlobal
